<?xml version="1.0" encoding="utf-8"?>
<Project ToolsVersion="4.0" xmlns="http://schemas.microsoft.com/developer/msbuild/2003">
  <ItemGroup>
    <Filter Include="Source Files">
      <UniqueIdentifier>{4FC737F1-C7A5-4376-A066-2A32D752A2FF}</UniqueIdentifier>
      <Extensions>cpp;c;cc;cxx;c++;def;odl;idl;hpj;bat;asm;asmx</Extensions>
    </Filter>
  </ItemGroup>
  <ItemGroup>
    <ClCompile Include="Board.cpp">
      <Filter>Source Files</Filter>
    </ClCompile>
    <ClCompile Include="Defs.cpp">
      <Filter>Source Files</Filter>
    </ClCompile>
    <ClCompile Include="PuzzleDef.cpp">
      <Filter>Source Files</Filter>
    </ClCompile>
    <ClCompile Include="ColorAxisCounts.cpp">
      <Filter>Source Files</Filter>
    </ClCompile>
    <ClCompile Include="MpfWrapper.cpp">
      <Filter>Source Files</Filter>
    </ClCompile>
    <ClCompile Include="Stats.cpp">
      <Filter>Source Files</Filter>
    </ClCompile>
  </ItemGroup>
  <ItemGroup>
    <ClInclude Include="Board.h">
      <Filter>Source Files</Filter>
    </ClInclude>
    <ClInclude Include="Defs.h">
      <Filter>Source Files</Filter>
    </ClInclude>
    <ClInclude Include="PuzzleDef.h">
      <Filter>Source Files</Filter>
    </ClInclude>
    <ClInclude Include="ColorAxisCounts.h" />
    <ClInclude Include="MpfWrapper.h" />
    <ClInclude Include="Stats.h" />
  </ItemGroup>
</Project>